
Microsoft Visual Studio Solution File, Format Version 12.00
# Visual Studio Version 17
VisualStudioVersion = 17.6.33829.357
MinimumVisualStudioVersion = 10.0.40219.1
Project("{FAE04EC0-301F-11D3-BF4B-00C04F79EFBC}") = "laptrinhApc4", "laptrinhApc4\laptrinhApc4.csproj", "{842BAF15-1BDE-4BC8-ABC6-E3048A0B511A}"
EndProject
Global
	GlobalSection(SolutionConfigurationPlatforms) = preSolution
		Debug|Any CPU = Debug|Any CPU
		Release|Any CPU = Release|Any CPU
	EndGlobalSection
	GlobalSection(ProjectConfigurationPlatforms) = postSolution
		{842BAF15-1BDE-4BC8-ABC6-E3048A0B511A}.Debug|Any CPU.ActiveCfg = Debug|Any CPU
		{842BAF15-1BDE-4BC8-ABC6-E3048A0B511A}.Debug|Any CPU.Build.0 = Debug|Any CPU
		{842BAF15-1BDE-4BC8-ABC6-E3048A0B511A}.Release|Any CPU.ActiveCfg = Release|Any CPU
		{842BAF15-1BDE-4BC8-ABC6-E3048A0B511A}.Release|Any CPU.Build.0 = Release|Any CPU
	EndGlobalSection
	GlobalSection(SolutionProperties) = preSolution
		HideSolutionNode = FALSE
	EndGlobalSection
	GlobalSection(ExtensibilityGlobals) = postSolution
		SolutionGuid = {4D8CA5FE-DAEF-43A4-9B3B-F02C78DEEF66}
	EndGlobalSection
EndGlobal
